<?xml version="1.0" encoding="utf-8"?>
<Project ToolsVersion="4.0" xmlns="http://schemas.microsoft.com/developer/msbuild/2003">
  <ItemGroup>
    <ClCompile Include="SoundManager.cpp">
      <Filter>Code\SoundManager</Filter>
    </ClCompile>
    <ClCompile Include="stdafx.cpp">
      <Filter>Code\Common</Filter>
    </ClCompile>
    <ClCompile Include="Camera.cpp">
      <Filter>Code\Camera</Filter>
    </ClCompile>
    <ClCompile Include="PopUp.cpp">
      <Filter>Code\UI</Filter>
    </ClCompile>
    <ClCompile Include="Button.cpp">
      <Filter>Code\UI</Filter>
    </ClCompile>
    <ClCompile Include="Logger.cpp">
      <Filter>Code\Logger</Filter>
    </ClCompile>
    <ClCompile Include="Main.cpp">
      <Filter>Code\Common</Filter>
    </ClCompile>
    <ClCompile Include="cDeviceManage.cpp">
      <Filter>Code\DeviceManager</Filter>
    </ClCompile>
    <ClCompile Include="EventManager.cpp">
      <Filter>Code\EventManager</Filter>
    </ClCompile>
    <ClCompile Include="Observer.cpp">
      <Filter>Code\EventManager</Filter>
    </ClCompile>
    <ClCompile Include="Subject.cpp">
      <Filter>Code\EventManager</Filter>
    </ClCompile>
    <ClCompile Include="TimerManager.cpp">
      <Filter>Code\TimeManager</Filter>
    </ClCompile>
    <ClCompile Include="json parson.cpp">
      <Filter>Code\json</Filter>
    </ClCompile>
    <ClCompile Include="GameScene.cpp">
      <Filter>Code\Scene</Filter>
    </ClCompile>
    <ClCompile Include="Scene.cpp">
      <Filter>Code\Scene</Filter>
    </ClCompile>
    <ClCompile Include="SceneManager.cpp">
      <Filter>Code\SceneManager</Filter>
    </ClCompile>
    <ClCompile Include="FontManager.cpp">
      <Filter>Code\FontManager</Filter>
    </ClCompile>
    <ClCompile Include="Grid.cpp">
      <Filter>Code\Grid</Filter>
    </ClCompile>
    <ClCompile Include="Parser.cpp">
      <Filter>Code\Parser</Filter>
    </ClCompile>
    <ClCompile Include="ObjLoader.cpp">
      <Filter>Code\ObjFile</Filter>
    </ClCompile>
    <ClCompile Include="ObjObject.cpp">
      <Filter>Code\ObjFile\ObjObject</Filter>
    </ClCompile>
    <ClCompile Include="cTerrain.cpp">
      <Filter>Code\Map\Terrain</Filter>
    </ClCompile>
    <ClCompile Include="json additional code.cpp">
      <Filter>Code\json</Filter>
    </ClCompile>
    <ClCompile Include="TextureManager.cpp">
      <Filter>Code\TextureManager</Filter>
    </ClCompile>
    <ClCompile Include="cObject.cpp">
      <Filter>Code\Object Composite</Filter>
    </ClCompile>
    <ClCompile Include="cCharater.cpp">
      <Filter>Code\Object Composite\InstanceObject</Filter>
    </ClCompile>
    <ClCompile Include="AllocateHierarchy.cpp">
      <Filter>Code\XFile\SkinnedMesh</Filter>
    </ClCompile>
    <ClCompile Include="SkinnedMesh.cpp">
      <Filter>Code\XFile\SkinnedMesh</Filter>
    </ClCompile>
    <ClCompile Include="SkinnedMeshManager.cpp">
      <Filter>Code\XFile\SkinnedMesh</Filter>
    </ClCompile>
    <ClCompile Include="ObjectPool.cpp">
      <Filter>Code\Object Composite\ObjectPool</Filter>
    </ClCompile>
    <ClCompile Include="Arthur.cpp">
      <Filter>Code\Object Composite\InstanceObject\Arthur</Filter>
    </ClCompile>
    <ClCompile Include="TitleScene.cpp">
      <Filter>Code\Scene</Filter>
    </ClCompile>
    <ClCompile Include="DragonSoulEater.cpp">
      <Filter>Code\Object Composite\InstanceObject\DragonSoulEater</Filter>
    </ClCompile>
    <ClCompile Include="SkyBox.cpp">
      <Filter>Code\Object Composite\SkyBox</Filter>
    </ClCompile>
    <ClCompile Include="SoulEaterState.cpp">
      <Filter>Code\Object Composite\InstanceObject\DragonSoulEater\SoulEaterState</Filter>
    </ClCompile>
    <ClCompile Include="SoulEater_BasicAttack.cpp">
      <Filter>Code\Object Composite\InstanceObject\DragonSoulEater\SoulEaterState</Filter>
    </ClCompile>
    <ClCompile Include="SoulEater_Idle.cpp">
      <Filter>Code\Object Composite\InstanceObject\DragonSoulEater\SoulEaterState</Filter>
    </ClCompile>
    <ClCompile Include="cOBB.cpp">
      <Filter>Code\OBB</Filter>
    </ClCompile>
    <ClCompile Include="cFont.cpp">
      <Filter>Code\UI</Filter>
    </ClCompile>
    <ClCompile Include="GameOverSceneBtnEvent.cpp">
      <Filter>Code\UI\UIEvent</Filter>
    </ClCompile>
    <ClCompile Include="TitleSceneUIEvent.cpp">
      <Filter>Code\UI\UIEvent</Filter>
    </ClCompile>
    <ClCompile Include="SystemUIEvent.cpp">
      <Filter>Code\UI\UIEvent</Filter>
    </ClCompile>
    <ClCompile Include="OptionUIEvent.cpp">
      <Filter>Code\UI\UIEvent</Filter>
    </ClCompile>
    <ClCompile Include="GameSceneUIEvent.cpp">
      <Filter>Code\UI\UIEvent</Filter>
    </ClCompile>
    <ClCompile Include="GameOverScene.cpp">
      <Filter>Code\Scene</Filter>
    </ClCompile>
    <ClCompile Include="BtnUIEvent.cpp">
      <Filter>Code\UI\UIEvent</Filter>
    </ClCompile>
    <ClCompile Include="Paladin.cpp">
      <Filter>Code\Object Composite\InstanceObject\Paladin</Filter>
    </ClCompile>
    <ClCompile Include="PaladinState.cpp">
      <Filter>Code\Object Composite\InstanceObject\Paladin\PaladinState</Filter>
    </ClCompile>
    <ClCompile Include="Map.cpp">
      <Filter>Code\Map\iMap</Filter>
    </ClCompile>
    <ClCompile Include="ObjMap.cpp">
      <Filter>Code\Map\OBJMap</Filter>
    </ClCompile>
    <ClCompile Include="ShaderLoader.cpp">
      <Filter>Code\Shader</Filter>
    </ClCompile>
  </ItemGroup>
  <ItemGroup>
    <ClInclude Include="SoundManager.h">
      <Filter>Code\SoundManager</Filter>
    </ClInclude>
    <ClInclude Include="stdafx.h">
      <Filter>Code\Common</Filter>
    </ClInclude>
    <ClInclude Include="targetver.h">
      <Filter>Code\Common</Filter>
    </ClInclude>
    <ClInclude Include="Resource.h">
      <Filter>Resource</Filter>
    </ClInclude>
    <ClInclude Include="basic.h">
      <Filter>Code\Common</Filter>
    </ClInclude>
    <ClInclude Include="Camera.h">
      <Filter>Code\Camera</Filter>
    </ClInclude>
    <ClInclude Include="PopUp.h">
      <Filter>Code\UI</Filter>
    </ClInclude>
    <ClInclude Include="Button.h">
      <Filter>Code\UI</Filter>
    </ClInclude>
    <ClInclude Include="Logger.h">
      <Filter>Code\Logger</Filter>
    </ClInclude>
    <ClInclude Include="FrameWork.h">
      <Filter>Code\Common</Filter>
    </ClInclude>
    <ClInclude Include="cDeviceManage.h">
      <Filter>Code\DeviceManager</Filter>
    </ClInclude>
    <ClInclude Include="EventManager.h">
      <Filter>Code\EventManager</Filter>
    </ClInclude>
    <ClInclude Include="Observer.h">
      <Filter>Code\EventManager</Filter>
    </ClInclude>
    <ClInclude Include="Subject.h">
      <Filter>Code\EventManager</Filter>
    </ClInclude>
    <ClInclude Include="TimerManager.h">
      <Filter>Code\TimeManager</Filter>
    </ClInclude>
    <ClInclude Include="json parson.h">
      <Filter>Code\json</Filter>
    </ClInclude>
    <ClInclude Include="Scene.h">
      <Filter>Code\Scene</Filter>
    </ClInclude>
    <ClInclude Include="GameScene.h">
      <Filter>Code\Scene</Filter>
    </ClInclude>
    <ClInclude Include="SceneManager.h">
      <Filter>Code\SceneManager</Filter>
    </ClInclude>
    <ClInclude Include="FontManager.h">
      <Filter>Code\FontManager</Filter>
    </ClInclude>
    <ClInclude Include="Grid.h">
      <Filter>Code\Grid</Filter>
    </ClInclude>
    <ClInclude Include="Parser.h">
      <Filter>Code\Parser</Filter>
    </ClInclude>
    <ClInclude Include="ObjLoader.h">
      <Filter>Code\ObjFile</Filter>
    </ClInclude>
    <ClInclude Include="ObjObject.h">
      <Filter>Code\ObjFile\ObjObject</Filter>
    </ClInclude>
    <ClInclude Include="cTerrain.h">
      <Filter>Code\Map\Terrain</Filter>
    </ClInclude>
    <ClInclude Include="json additional code.h">
      <Filter>Code\json</Filter>
    </ClInclude>
    <ClInclude Include="TextureManager.h">
      <Filter>Code\TextureManager</Filter>
    </ClInclude>
    <ClInclude Include="cObject.h">
      <Filter>Code\Object Composite</Filter>
    </ClInclude>
    <ClInclude Include="cCharater.h">
      <Filter>Code\Object Composite\InstanceObject</Filter>
    </ClInclude>
    <ClInclude Include="AllocateHierarchy.h">
      <Filter>Code\XFile\SkinnedMesh</Filter>
    </ClInclude>
    <ClInclude Include="SkinnedMesh.h">
      <Filter>Code\XFile\SkinnedMesh</Filter>
    </ClInclude>
    <ClInclude Include="SkinnedMeshManager.h">
      <Filter>Code\XFile\SkinnedMesh</Filter>
    </ClInclude>
    <ClInclude Include="ObjectPool.h">
      <Filter>Code\Object Composite\ObjectPool</Filter>
    </ClInclude>
    <ClInclude Include="Arthur.h">
      <Filter>Code\Object Composite\InstanceObject\Arthur</Filter>
    </ClInclude>
    <ClInclude Include="TitleScene.h">
      <Filter>Code\Scene</Filter>
    </ClInclude>
    <ClInclude Include="DragonSoulEater.h">
      <Filter>Code\Object Composite\InstanceObject\DragonSoulEater</Filter>
    </ClInclude>
    <ClInclude Include="SkyBox.h">
      <Filter>Code\Object Composite\SkyBox</Filter>
    </ClInclude>
    <ClInclude Include="SoulEaterState.h">
      <Filter>Code\Object Composite\InstanceObject\DragonSoulEater\SoulEaterState</Filter>
    </ClInclude>
    <ClInclude Include="SoulEater_BasicAttack.h">
      <Filter>Code\Object Composite\InstanceObject\DragonSoulEater\SoulEaterState</Filter>
    </ClInclude>
    <ClInclude Include="SoulEater_Idle.h">
      <Filter>Code\Object Composite\InstanceObject\DragonSoulEater\SoulEaterState</Filter>
    </ClInclude>
    <ClInclude Include="cOBB.h">
      <Filter>Code\OBB</Filter>
    </ClInclude>
    <ClInclude Include="cFont.h">
      <Filter>Code\UI</Filter>
    </ClInclude>
    <ClInclude Include="GameOverSceneBtnEvent.h">
      <Filter>Code\UI\UIEvent</Filter>
    </ClInclude>
    <ClInclude Include="TitleSceneUIEvent.h">
      <Filter>Code\UI\UIEvent</Filter>
    </ClInclude>
    <ClInclude Include="SystemUIEvent.h">
      <Filter>Code\UI\UIEvent</Filter>
    </ClInclude>
    <ClInclude Include="OptionUIEvent.h">
      <Filter>Code\UI\UIEvent</Filter>
    </ClInclude>
    <ClInclude Include="GameSceneUIEvent.h">
      <Filter>Code\UI\UIEvent</Filter>
    </ClInclude>
    <ClInclude Include="GameOverScene.h">
      <Filter>Code\Scene</Filter>
    </ClInclude>
    <ClInclude Include="BtnUIEvent.h">
      <Filter>Code\UI\UIEvent</Filter>
    </ClInclude>
    <ClInclude Include="Paladin.h">
      <Filter>Code\Object Composite\InstanceObject\Paladin</Filter>
    </ClInclude>
    <ClInclude Include="PaladinState.h">
      <Filter>Code\Object Composite\InstanceObject\Paladin\PaladinState</Filter>
    </ClInclude>
    <ClInclude Include="Map.h">
      <Filter>Code\Map\iMap</Filter>
    </ClInclude>
    <ClInclude Include="ObjMap.h">
      <Filter>Code\Map\OBJMap</Filter>
    </ClInclude>
    <ClInclude Include="ShaderLoader.h">
      <Filter>Code\Shader</Filter>
    </ClInclude>
  </ItemGroup>
  <ItemGroup>
    <Image Include="FrameWork.ico">
      <Filter>Resource</Filter>
    </Image>
    <Image Include="small.ico">
      <Filter>Resource</Filter>
    </Image>
  </ItemGroup>
  <ItemGroup>
    <ClInclude Include="stdafx.h">
      <Filter>헤더 파일</Filter>
    </ClInclude>
    <ClInclude Include="targetver.h">
      <Filter>헤더 파일</Filter>
    </ClInclude>
    <ClInclude Include="Resource.h">
      <Filter>헤더 파일</Filter>
    </ClInclude>
    <ClInclude Include="FrameWork.h">
      <Filter>헤더 파일</Filter>
    </ClInclude>
    <ClInclude Include="basic.h">
      <Filter>헤더 파일</Filter>
    </ClInclude>
    <ClInclude Include="cDeviceManage.h">
      <Filter>헤더 파일</Filter>
    </ClInclude>
  </ItemGroup>
  <ItemGroup>
    <ClCompile Include="stdafx.cpp">
      <Filter>소스 파일</Filter>
    </ClCompile>
    <ClCompile Include="cDeviceManage.cpp">
      <Filter>소스 파일</Filter>
    </ClCompile>
  </ItemGroup>
  <ItemGroup>
    <Filter Include="Resource">
      <UniqueIdentifier>{1f9f75aa-cff3-47b8-a719-e100b91d9544}</UniqueIdentifier>
    </Filter>
    <Filter Include="Code">
      <UniqueIdentifier>{e21d1e7c-9e35-4383-99d8-768f053a0631}</UniqueIdentifier>
    </Filter>
    <Filter Include="Code\Common">
      <UniqueIdentifier>{1e384df5-4455-4dd6-92b2-f8d081c02e44}</UniqueIdentifier>
    </Filter>
    <Filter Include="Code\Camera">
      <UniqueIdentifier>{467c6439-638b-4a42-bd4b-c4d42c2418c3}</UniqueIdentifier>
    </Filter>
    <Filter Include="Code\SoundManager">
      <UniqueIdentifier>{c014ce63-c10a-4f89-982d-868d20720bbd}</UniqueIdentifier>
    </Filter>
    <Filter Include="Code\UI">
      <UniqueIdentifier>{90ae959c-54fb-44cf-85d0-981576edb30b}</UniqueIdentifier>
    </Filter>
    <Filter Include="Code\Logger">
      <UniqueIdentifier>{2a7bf982-db18-40cc-896d-80cc53618fe6}</UniqueIdentifier>
    </Filter>
    <Filter Include="Code\DeviceManager">
      <UniqueIdentifier>{1dfa259c-06f6-4c4e-a68f-15b2c0455e89}</UniqueIdentifier>
    </Filter>
    <Filter Include="Code\EventManager">
      <UniqueIdentifier>{b8f5fa17-e645-4f81-a303-b6051bd511b3}</UniqueIdentifier>
    </Filter>
    <Filter Include="Code\TimeManager">
      <UniqueIdentifier>{f864838d-98b0-40d9-89a0-0e18b00bb76d}</UniqueIdentifier>
    </Filter>
    <Filter Include="Code\json">
      <UniqueIdentifier>{74f0f738-f3ed-4beb-b4c5-c967cc256891}</UniqueIdentifier>
    </Filter>
    <Filter Include="Code\Scene">
      <UniqueIdentifier>{e2473897-b31c-44b2-b0c7-f2bad270627a}</UniqueIdentifier>
    </Filter>
    <Filter Include="Code\SceneManager">
      <UniqueIdentifier>{a70a97d7-48be-488b-a125-0e7fb7c2290d}</UniqueIdentifier>
    </Filter>
    <Filter Include="Code\FontManager">
      <UniqueIdentifier>{939c01d7-548f-48f0-9d2d-14d97994150b}</UniqueIdentifier>
    </Filter>
    <Filter Include="Code\Grid">
      <UniqueIdentifier>{9ed05807-e052-48f3-9f87-10e0dba40cda}</UniqueIdentifier>
    </Filter>
    <Filter Include="Code\Parser">
      <UniqueIdentifier>{8e711ea1-9504-4fea-ba44-55805b645329}</UniqueIdentifier>
    </Filter>
    <Filter Include="Code\ObjFile">
      <UniqueIdentifier>{06d2c038-9c3f-42f3-af5f-8188bf0af58a}</UniqueIdentifier>
    </Filter>
    <Filter Include="Code\ObjFile\ObjObject">
      <UniqueIdentifier>{837f631c-c969-4b83-9f08-465eaf21b3c0}</UniqueIdentifier>
    </Filter>
    <Filter Include="Code\TextureManager">
      <UniqueIdentifier>{38c36455-2c02-4665-9305-f2940292be81}</UniqueIdentifier>
    </Filter>
    <Filter Include="Code\Object Composite">
      <UniqueIdentifier>{c491b620-7d22-4660-9af5-a30185c7835e}</UniqueIdentifier>
    </Filter>
    <Filter Include="Code\Object Composite\InstanceObject">
      <UniqueIdentifier>{e10df873-3395-4a5e-84bb-91a0f064d73f}</UniqueIdentifier>
    </Filter>
    <Filter Include="Code\XFile">
      <UniqueIdentifier>{ab92c904-01b1-454f-bbb4-492c5a62e76b}</UniqueIdentifier>
    </Filter>
    <Filter Include="Code\XFile\SkinnedMesh">
      <UniqueIdentifier>{8001d231-f01f-439c-8148-1fe320edb7b0}</UniqueIdentifier>
    </Filter>
    <Filter Include="Code\Object Composite\ObjectPool">
      <UniqueIdentifier>{703ee0ae-ff4a-4149-97f4-9d001dfb7732}</UniqueIdentifier>
    </Filter>
    <Filter Include="Code\Object Composite\InstanceObject\Arthur">
      <UniqueIdentifier>{c8faa7a5-57ee-4eea-99d5-4671f4b27c2b}</UniqueIdentifier>
    </Filter>
    <Filter Include="Code\Object Composite\InstanceObject\DragonSoulEater">
      <UniqueIdentifier>{cb976b86-7fdc-4063-9684-d67ad226e25d}</UniqueIdentifier>
    </Filter>
    <Filter Include="Code\Object Composite\SkyBox">
      <UniqueIdentifier>{06a92838-6467-47a2-b117-efdfa66e2edb}</UniqueIdentifier>
    </Filter>
    <Filter Include="Code\Object Composite\InstanceObject\DragonSoulEater\SoulEaterState">
      <UniqueIdentifier>{f580876e-862d-4a5e-a5c7-b9c0d9306a16}</UniqueIdentifier>
    </Filter>
    <Filter Include="Code\UI\UIEvent">
      <UniqueIdentifier>{e8d6d8aa-3d5d-425d-b8b6-67b93a3cf755}</UniqueIdentifier>
    </Filter>
    <Filter Include="Code\Object Composite\InstanceObject\Paladin">
      <UniqueIdentifier>{8bbd1751-50aa-4dab-9542-37edfd218c95}</UniqueIdentifier>
    </Filter>
    <Filter Include="Code\Object Composite\InstanceObject\Paladin\PaladinState">
      <UniqueIdentifier>{d23276f0-d8db-4b71-8968-fb926515e9d8}</UniqueIdentifier>
    </Filter>
    <Filter Include="Code\Map">
      <UniqueIdentifier>{b37bb99e-6fd9-4fb0-a256-5749cfd288cb}</UniqueIdentifier>
    </Filter>
    <Filter Include="Code\Map\Terrain">
      <UniqueIdentifier>{ef7c542d-e971-4c19-92c4-1d3765fe1aa2}</UniqueIdentifier>
    </Filter>
    <Filter Include="Code\Map\OBJMap">
      <UniqueIdentifier>{a1c215e1-a735-498b-89a1-2c59cd951fce}</UniqueIdentifier>
    </Filter>
    <Filter Include="Code\Map\iMap">
      <UniqueIdentifier>{b7970f5c-034e-4546-8a11-29da703926bb}</UniqueIdentifier>
    </Filter>
    <Filter Include="Code\OBB">
      <UniqueIdentifier>{32823407-0e73-4723-bf41-0ce4ae28bc7b}</UniqueIdentifier>
    </Filter>
    <Filter Include="Code\Shader">
      <UniqueIdentifier>{3c5bf0d3-abca-4ed6-b3f7-7af4ee01135d}</UniqueIdentifier>
    </Filter>
  </ItemGroup>
  <ItemGroup>
    <ResourceCompile Include="FrameWork.rc">
      <Filter>Resource</Filter>
    </ResourceCompile>
  </ItemGroup>
  <ItemGroup>
    <Text Include="ReadMe.txt">
      <Filter>Resource</Filter>
    </Text>
  </ItemGroup>
  <ItemGroup>
    <None Include="ClassDiagram.cd" />
  </ItemGroup>
</Project>